Microsoft Visual Studio Solution File, Format Version 11.00
# Visual Studio 2008

Project("{EB279B68-0241-637C-F48B-8E280D5FAF1E}") = "Demo 1 The Mask of Mockery", "Assembly-CSharp-firstpass-vs.csproj", "{4ED66556-3FEC-B9DD-CC00-7E848AC426C1}"
EndProject
Project("{EB279B68-0241-637C-F48B-8E280D5FAF1E}") = "Demo 1 The Mask of Mockery", "Assembly-CSharp-vs.csproj", "{47F69F33-8550-C425-234C-56138516E201}"
EndProject
Project("{EB279B68-0241-637C-F48B-8E280D5FAF1E}") = "Demo 1 The Mask of Mockery", "Assembly-CSharp-Editor-firstpass-vs.csproj", "{6DB33E78-8ECD-BB9E-C6AA-5B04ED427F23}"
EndProject
Global
	GlobalSection(SolutionConfigurationPlatforms) = preSolution
		Debug|Any CPU = Debug|Any CPU
		Release|Any CPU = Release|Any CPU
	EndGlobalSection
	GlobalSection(ProjectConfigurationPlatforms) = postSolution
		{4ED66556-3FEC-B9DD-CC00-7E848AC426C1}.Debug|Any CPU.ActiveCfg = Debug|Any CPU
		{4ED66556-3FEC-B9DD-CC00-7E848AC426C1}.Debug|Any CPU.Build.0 = Debug|Any CPU
		{4ED66556-3FEC-B9DD-CC00-7E848AC426C1}.Release|Any CPU.ActiveCfg = Release|Any CPU
		{4ED66556-3FEC-B9DD-CC00-7E848AC426C1}.Release|Any CPU.Build.0 = Release|Any CPU
		{47F69F33-8550-C425-234C-56138516E201}.Debug|Any CPU.ActiveCfg = Debug|Any CPU
		{47F69F33-8550-C425-234C-56138516E201}.Debug|Any CPU.Build.0 = Debug|Any CPU
		{47F69F33-8550-C425-234C-56138516E201}.Release|Any CPU.ActiveCfg = Release|Any CPU
		{47F69F33-8550-C425-234C-56138516E201}.Release|Any CPU.Build.0 = Release|Any CPU
		{6DB33E78-8ECD-BB9E-C6AA-5B04ED427F23}.Debug|Any CPU.ActiveCfg = Debug|Any CPU
		{6DB33E78-8ECD-BB9E-C6AA-5B04ED427F23}.Debug|Any CPU.Build.0 = Debug|Any CPU
		{6DB33E78-8ECD-BB9E-C6AA-5B04ED427F23}.Release|Any CPU.ActiveCfg = Release|Any CPU
		{6DB33E78-8ECD-BB9E-C6AA-5B04ED427F23}.Release|Any CPU.Build.0 = Release|Any CPU
	EndGlobalSection
	GlobalSection(SolutionProperties) = preSolution
		HideSolutionNode = FALSE
	EndGlobalSection
																													GlobalSection(MonoDevelopProperties) = preSolution
		StartupItem = Assembly-CSharp.csproj
		Policies = $0
		$0.TextStylePolicy = $1
		$1.inheritsSet = null
		$1.scope = text/x-csharp
		$0.CSharpFormattingPolicy = $2
		$2.inheritsSet = Mono
		$2.inheritsScope = text/x-csharp
		$2.scope = text/x-csharp
		$0.TextStylePolicy = $3
		$3.FileWidth = 120
		$3.TabWidth = 4
		$3.IndentWidth = 4
		$3.EolMarker = Unix
		$3.inheritsSet = Mono
		$3.inheritsScope = text/plain
		$3.scope = text/plain
	EndGlobalSection

EndGlobal
