Microsoft Visual Studio Solution File, Format Version 11.00
# Visual Studio 2008

Project("{0DB7874B-C91C-16EC-F963-8A8C09E8795D}") = "Demo 1 Finding the Mask of Mockery", "Assembly-CSharp-firstpass.csproj", "{52D3F51F-B5D7-E39C-F21F-91DEC1A28EE9}"
EndProject
Project("{0DB7874B-C91C-16EC-F963-8A8C09E8795D}") = "Demo 1 Finding the Mask of Mockery", "Assembly-CSharp.csproj", "{5702959B-E30E-71CE-340E-54DA7F8BE52C}"
EndProject
Project("{0DB7874B-C91C-16EC-F963-8A8C09E8795D}") = "Demo 1 Finding the Mask of Mockery", "Assembly-CSharp-Editor-firstpass.csproj", "{DEC60E16-5A92-9AEA-A837-A24FD23630AE}"
EndProject
Project("{0DB7874B-C91C-16EC-F963-8A8C09E8795D}") = "Demo 1 Finding the Mask of Mockery", "Assembly-UnityScript-firstpass.unityproj", "{5FB6D1E3-C3EA-DD3C-22C2-426687DE7C9D}"
EndProject
Global
	GlobalSection(SolutionConfigurationPlatforms) = preSolution
		Debug|Any CPU = Debug|Any CPU
		Release|Any CPU = Release|Any CPU
	EndGlobalSection
	GlobalSection(ProjectConfigurationPlatforms) = postSolution
		{52D3F51F-B5D7-E39C-F21F-91DEC1A28EE9}.Debug|Any CPU.ActiveCfg = Debug|Any CPU
		{52D3F51F-B5D7-E39C-F21F-91DEC1A28EE9}.Debug|Any CPU.Build.0 = Debug|Any CPU
		{52D3F51F-B5D7-E39C-F21F-91DEC1A28EE9}.Release|Any CPU.ActiveCfg = Release|Any CPU
		{52D3F51F-B5D7-E39C-F21F-91DEC1A28EE9}.Release|Any CPU.Build.0 = Release|Any CPU
		{5702959B-E30E-71CE-340E-54DA7F8BE52C}.Debug|Any CPU.ActiveCfg = Debug|Any CPU
		{5702959B-E30E-71CE-340E-54DA7F8BE52C}.Debug|Any CPU.Build.0 = Debug|Any CPU
		{5702959B-E30E-71CE-340E-54DA7F8BE52C}.Release|Any CPU.ActiveCfg = Release|Any CPU
		{5702959B-E30E-71CE-340E-54DA7F8BE52C}.Release|Any CPU.Build.0 = Release|Any CPU
		{DEC60E16-5A92-9AEA-A837-A24FD23630AE}.Debug|Any CPU.ActiveCfg = Debug|Any CPU
		{DEC60E16-5A92-9AEA-A837-A24FD23630AE}.Debug|Any CPU.Build.0 = Debug|Any CPU
		{DEC60E16-5A92-9AEA-A837-A24FD23630AE}.Release|Any CPU.ActiveCfg = Release|Any CPU
		{DEC60E16-5A92-9AEA-A837-A24FD23630AE}.Release|Any CPU.Build.0 = Release|Any CPU
		{5FB6D1E3-C3EA-DD3C-22C2-426687DE7C9D}.Debug|Any CPU.ActiveCfg = Debug|Any CPU
		{5FB6D1E3-C3EA-DD3C-22C2-426687DE7C9D}.Debug|Any CPU.Build.0 = Debug|Any CPU
		{5FB6D1E3-C3EA-DD3C-22C2-426687DE7C9D}.Release|Any CPU.ActiveCfg = Release|Any CPU
		{5FB6D1E3-C3EA-DD3C-22C2-426687DE7C9D}.Release|Any CPU.Build.0 = Release|Any CPU
	EndGlobalSection
	GlobalSection(SolutionProperties) = preSolution
		HideSolutionNode = FALSE
	EndGlobalSection
																																																																																																																																																																																																																																																																																																																																																																					GlobalSection(MonoDevelopProperties) = preSolution
		StartupItem = Assembly-CSharp.csproj
		Policies = $0
		$0.TextStylePolicy = $1
		$1.inheritsSet = null
		$1.scope = text/x-csharp
		$0.CSharpFormattingPolicy = $2
		$2.inheritsSet = Mono
		$2.inheritsScope = text/x-csharp
		$2.scope = text/x-csharp
		$0.TextStylePolicy = $3
		$3.FileWidth = 120
		$3.TabWidth = 4
		$3.EolMarker = Unix
		$3.inheritsSet = Mono
		$3.inheritsScope = text/plain
		$3.scope = text/plain
	EndGlobalSection

EndGlobal
